# This file is automatically @generated by Poetry 1.7.1 and should not be changed by hand.

[[package]]
name = "passlib"
version = "1.7.4"
description = "comprehensive password hashing framework supporting over 30 schemes"
optional = false
python-versions = "*"
files = [
    {file = "passlib-1.7.4-py2.py3-none-any.whl", hash = "sha256:aa6bca462b8d8bda89c70b382f0c298a20b5560af6cbfa2dce410c0a2fb669f1"},
    {file = "passlib-1.7.4.tar.gz", hash = "sha256:defd50f72b65c5402ab2c573830a6978e5f202ad0d984793c8dde2c4152ebe04"},
]

[package.extras]
argon2 = ["argon2-cffi (>=18.2.0)"]
bcrypt = ["bcrypt (>=3.1.0)"]
build-docs = ["cloud-sptheme (>=1.10.1)", "sphinx (>=1.6)", "sphinxcontrib-fulltoc (>=1.2.0)"]
totp = ["cryptography"]

[[package]]
name = "pip"
version = "23.3.2"
description = "The PyPA recommended tool for installing Python packages."
optional = false
python-versions = ">=3.7"
files = [
    {file = "pip-23.3.2-py3-none-any.whl", hash = "sha256:5052d7889c1f9d05224cd41741acb7c5d6fa735ab34e339624a614eaaa7e7d76"},
    {file = "pip-23.3.2.tar.gz", hash = "sha256:7fd9972f96db22c8077a1ee2691b172c8089b17a5652a44494a9ecb0d78f9149"},
]

[[package]]
name = "pypiserver"
version = "2.0.1"
description = "A minimal PyPI server for use with pip/easy_install."
optional = false
python-versions = ">=3.6"
files = [
    {file = "pypiserver-2.0.1-py2.py3-none-any.whl", hash = "sha256:1dd98fb99d2da4199fb44c7284e57d69a9f7fda2c6c8dc01975c151c592677bf"},
    {file = "pypiserver-2.0.1.zip", hash = "sha256:7b58fbd54468235f79e4de07c4f7a9ff829e7ac6869bef47ec11e0710138e162"},
]

[package.dependencies]
passlib = {version = ">=1.6", optional = true, markers = "extra == \"passlib\""}
pip = ">=7"

[package.extras]
cache = ["watchdog"]
passlib = ["passlib (>=1.6)"]

[metadata]
lock-version = "2.0"
python-versions = ">=3.8"
content-hash = "b3c0a860cfa64bd3ef5bdfd5fb66f9e0475030e56091ed94e5f38e0c4dd58114"
